{
  "name": "sandbox-budget-spike",
  "lockfileVersion": 3,
  "requires": true,
  "packages": {
    "": {
      "name": "sandbox-budget-spike",
      "dependencies": {
        "quickjs-wasi": "3.6.2"
      }
    },
    "node_modules/quickjs-wasi": {
      "version": "3.6.2",
      "resolved": "https://registry.npmjs.org/quickjs-wasi/-/quickjs-wasi-3.6.2.tgz",
      "integrity": "sha512-FCqGtGOrMgzUiIrMNMA2YnsOxCNwo31dzqXvclXUC6xeT35NJLKXQJsvbeCTjvoFAwZgEAPg8U6+KAPDGXn8Mg==",
      "license": "MIT"
    }
  }
}
